ca-certificates=20250419~deb12u1
chromium=151.0.7922.137-1~deb12u1
fonts-dejavu-core=2.37-6
fonts-liberation=1:1.07.4-11
fonts-noto-core=20201225-1
ghostscript=10.0.0~dfsg-11+deb12u8
libreoffice=4:7.4.7-1+deb12u14
mupdf-tools=1.21.1+ds2-1+deb12u1
ocrmypdf=14.0.1+dfsg1-1
poppler-utils=22.12.0-2+deb12u3
qpdf=11.3.0-1+deb12u1
tesseract-ocr=5.3.0-2
tesseract-ocr-eng=1:4.1.0-2
wget=1.21.3-1+deb12u1
